
Microsoft Visual Studio Solution File, Format Version 12.00
# Visual Studio Version 16
VisualStudioVersion = 16.0.30011.22
MinimumVisualStudioVersion = 10.0.40219.1
Project("{FAE04EC0-301F-11D3-BF4B-00C04F79EFBC}") = "project_win", "project_win\project_win.csproj", "{348D3CD4-4FDF-463B-B7DB-5EB1041E2F01}"
EndProject
Global
	GlobalSection(SolutionConfigurationPlatforms) = preSolution
		Debug|Any CPU = Debug|Any CPU
		Release|Any CPU = Release|Any CPU
	EndGlobalSection
	GlobalSection(ProjectConfigurationPlatforms) = postSolution
		{348D3CD4-4FDF-463B-B7DB-5EB1041E2F01}.Debug|Any CPU.ActiveCfg = Debug|Any CPU
		{348D3CD4-4FDF-463B-B7DB-5EB1041E2F01}.Debug|Any CPU.Build.0 = Debug|Any CPU
		{348D3CD4-4FDF-463B-B7DB-5EB1041E2F01}.Release|Any CPU.ActiveCfg = Release|Any CPU
		{348D3CD4-4FDF-463B-B7DB-5EB1041E2F01}.Release|Any CPU.Build.0 = Release|Any CPU
	EndGlobalSection
	GlobalSection(SolutionProperties) = preSolution
		HideSolutionNode = FALSE
	EndGlobalSection
	GlobalSection(ExtensibilityGlobals) = postSolution
		SolutionGuid = {2017D62E-AA5C-4FF5-9214-5E1A62287ABF}
	EndGlobalSection
EndGlobal
